// !$*UTF8*$!
{
	archiveVersion = 1;
	classes = {
	};
	objectVersion = 56;
	objects = {

/* Begin PBXBuildFile section */
		4712ECB82B8336A3009B6BE9 /* AppDelegate.swift in Sources */ = {isa = PBXBuildFile; fileRef = 4712ECB72B8336A3009B6BE9 /* AppDelegate.swift */; };
		4712ECBA2B8336A3009B6BE9 /* SceneDelegate.swift in Sources */ = {isa = PBXBuildFile; fileRef = 4712ECB92B8336A3009B6BE9 /* SceneDelegate.swift */; };
		4712ECBC2B8336A3009B6BE9 /* MainViewController.swift in Sources */ = {isa = PBXBuildFile; fileRef = 4712ECBB2B8336A3009B6BE9 /* MainViewController.swift */; };
		4712ECC12B8336A4009B6BE9 /* Assets.xcassets in Resources */ = {isa = PBXBuildFile; fileRef = 4712ECC02B8336A4009B6BE9 /* Assets.xcassets */; };
		4712ECC42B8336A4009B6BE9 /* LaunchScreen.storyboard in Resources */ = {isa = PBXBuildFile; fileRef = 4712ECC22B8336A4009B6BE9 /* LaunchScreen.storyboard */; };
		4712ECEA2B852264009B6BE9 /* BookmarkViewController.swift in Sources */ = {isa = PBXBuildFile; fileRef = 4712ECE92B852264009B6BE9 /* BookmarkViewController.swift */; };
		4712ECEC2B85226D009B6BE9 /* SettingViewController.swift in Sources */ = {isa = PBXBuildFile; fileRef = 4712ECEB2B85226D009B6BE9 /* SettingViewController.swift */; };
		4712ECEE2B85227B009B6BE9 /* MainTabBarController.swift in Sources */ = {isa = PBXBuildFile; fileRef = 4712ECED2B85227B009B6BE9 /* MainTabBarController.swift */; };
		4712ECF02B852307009B6BE9 /* ColorExtension.swift in Sources */ = {isa = PBXBuildFile; fileRef = 4712ECEF2B852307009B6BE9 /* ColorExtension.swift */; };
		4712ECF32B852366009B6BE9 /* TrendingCollectionViewCell.swift in Sources */ = {isa = PBXBuildFile; fileRef = 4712ECF22B852366009B6BE9 /* TrendingCollectionViewCell.swift */; };
		476A85D92B883D660003E6D6 /* Bundle.swift in Sources */ = {isa = PBXBuildFile; fileRef = 476A85D32B883D660003E6D6 /* Bundle.swift */; };
		476A85DA2B883D660003E6D6 /* gifDataModel.swift in Sources */ = {isa = PBXBuildFile; fileRef = 476A85D42B883D660003E6D6 /* gifDataModel.swift */; };
		476A85DB2B883D660003E6D6 /* TrendingAPIData.swift in Sources */ = {isa = PBXBuildFile; fileRef = 476A85D52B883D660003E6D6 /* TrendingAPIData.swift */; };
		476A85DC2B883D660003E6D6 /* TrendingAPIManager.swift in Sources */ = {isa = PBXBuildFile; fileRef = 476A85D62B883D660003E6D6 /* TrendingAPIManager.swift */; };
		476A85EC2B9C5A260003E6D6 /* BookmarkButton.swift in Sources */ = {isa = PBXBuildFile; fileRef = 476A85EB2B9C5A260003E6D6 /* BookmarkButton.swift */; };
		476A86012BA0675E0003E6D6 /* LoadingImage.gif in Resources */ = {isa = PBXBuildFile; fileRef = 476A86002BA0675E0003E6D6 /* LoadingImage.gif */; };
		476A86142BA1A07E0003E6D6 /* ImageCacheManager.swift in Sources */ = {isa = PBXBuildFile; fileRef = 476A86132BA1A07E0003E6D6 /* ImageCacheManager.swift */; };
		47EE0C002BAAB7360019C7A3 /* SnapKit in Frameworks */ = {isa = PBXBuildFile; productRef = 4712ECE12B84D155009B6BE9 /* SnapKit */; };
		47EE0C012BAAB7360019C7A3 /* SnapKit-Dynamic in Frameworks */ = {isa = PBXBuildFile; productRef = 4712ECE32B84D155009B6BE9 /* SnapKit-Dynamic */; };
		47EE0C032BAAB9E30019C7A3 /* APIKey.plist in Resources */ = {isa = PBXBuildFile; fileRef = 47EE0C022BAAB9E30019C7A3 /* APIKey.plist */; };
		E08FA3042085B2B8C7AE0FA9 /* Pods_GIPHYSearcher.framework in Frameworks */ = {isa = PBXBuildFile; fileRef = D8F7A1B2673660EDE6EDC4CE /* Pods_GIPHYSearcher.framework */; };
/* End PBXBuildFile section */

/* Begin PBXFileReference section */
		4070B8F356873457E9D66C78 /* Pods-GIPHYSearcher.release.xcconfig */ = {isa = PBXFileReference; includeInIndex = 1; lastKnownFileType = text.xcconfig; name = "Pods-GIPHYSearcher.release.xcconfig"; path = "Target Support Files/Pods-GIPHYSearcher/Pods-GIPHYSearcher.release.xcconfig"; sourceTree = "<group>"; };
		4712ECB42B8336A3009B6BE9 /* GIPHYSearcher.app */ = {isa = PBXFileReference; explicitFileType = wrapper.application; includeInIndex = 0; path = GIPHYSearcher.app; sourceTree = BUILT_PRODUCTS_DIR; };
		4712ECB72B8336A3009B6BE9 /* AppDelegate.swift */ = {isa = PBXFileReference; lastKnownFileType = sourcecode.swift; path = AppDelegate.swift; sourceTree = "<group>"; };
		4712ECB92B8336A3009B6BE9 /* SceneDelegate.swift */ = {isa = PBXFileReference; lastKnownFileType = sourcecode.swift; path = SceneDelegate.swift; sourceTree = "<group>"; };
		4712ECBB2B8336A3009B6BE9 /* MainViewController.swift */ = {isa = PBXFileReference; lastKnownFileType = sourcecode.swift; path = MainViewController.swift; sourceTree = "<group>"; };
		4712ECC02B8336A4009B6BE9 /* Assets.xcassets */ = {isa = PBXFileReference; lastKnownFileType = folder.assetcatalog; path = Assets.xcassets; sourceTree = "<group>"; };
		4712ECC32B8336A4009B6BE9 /* Base */ = {isa = PBXFileReference; lastKnownFileType = file.storyboard; name = Base; path = Base.lproj/LaunchScreen.storyboard; sourceTree = "<group>"; };
		4712ECC52B8336A4009B6BE9 /* Info.plist */ = {isa = PBXFileReference; lastKnownFileType = text.plist.xml; path = Info.plist; sourceTree = "<group>"; };
		4712ECE92B852264009B6BE9 /* BookmarkViewController.swift */ = {isa = PBXFileReference; fileEncoding = 4; lastKnownFileType = sourcecode.swift; path = BookmarkViewController.swift; sourceTree = "<group>"; };
		4712ECEB2B85226D009B6BE9 /* SettingViewController.swift */ = {isa = PBXFileReference; fileEncoding = 4; lastKnownFileType = sourcecode.swift; path = SettingViewController.swift; sourceTree = "<group>"; };
		4712ECED2B85227B009B6BE9 /* MainTabBarController.swift */ = {isa = PBXFileReference; fileEncoding = 4; lastKnownFileType = sourcecode.swift; path = MainTabBarController.swift; sourceTree = "<group>"; };
		4712ECEF2B852307009B6BE9 /* ColorExtension.swift */ = {isa = PBXFileReference; fileEncoding = 4; lastKnownFileType = sourcecode.swift; path = ColorExtension.swift; sourceTree = "<group>"; };
		4712ECF22B852366009B6BE9 /* TrendingCollectionViewCell.swift */ = {isa = PBXFileReference; fileEncoding = 4; lastKnownFileType = sourcecode.swift; path = TrendingCollectionViewCell.swift; sourceTree = "<group>"; };
		476A85D32B883D660003E6D6 /* Bundle.swift */ = {isa = PBXFileReference; fileEncoding = 4; lastKnownFileType = sourcecode.swift; path = Bundle.swift; sourceTree = "<group>"; };
		476A85D42B883D660003E6D6 /* gifDataModel.swift */ = {isa = PBXFileReference; fileEncoding = 4; lastKnownFileType = sourcecode.swift; path = gifDataModel.swift; sourceTree = "<group>"; };
		476A85D52B883D660003E6D6 /* TrendingAPIData.swift */ = {isa = PBXFileReference; fileEncoding = 4; lastKnownFileType = sourcecode.swift; path = TrendingAPIData.swift; sourceTree = "<group>"; };
		476A85D62B883D660003E6D6 /* TrendingAPIManager.swift */ = {isa = PBXFileReference; fileEncoding = 4; lastKnownFileType = sourcecode.swift; path = TrendingAPIManager.swift; sourceTree = "<group>"; };
		476A85EB2B9C5A260003E6D6 /* BookmarkButton.swift */ = {isa = PBXFileReference; lastKnownFileType = sourcecode.swift; path = BookmarkButton.swift; sourceTree = "<group>"; };
		476A86002BA0675E0003E6D6 /* LoadingImage.gif */ = {isa = PBXFileReference; lastKnownFileType = image.gif; name = LoadingImage.gif; path = GIPHYSearcher/Resources/Assets.xcassets/LoadingImage.dataset/LoadingImage.gif; sourceTree = "<group>"; };
		476A86132BA1A07E0003E6D6 /* ImageCacheManager.swift */ = {isa = PBXFileReference; fileEncoding = 4; lastKnownFileType = sourcecode.swift; path = ImageCacheManager.swift; sourceTree = "<group>"; };
		47EE0C022BAAB9E30019C7A3 /* APIKey.plist */ = {isa = PBXFileReference; fileEncoding = 4; lastKnownFileType = text.plist.xml; path = APIKey.plist; sourceTree = "<group>"; };
		A528527BAB12FADB0DFDE62B /* Pods-GIPHYSearcher.debug.xcconfig */ = {isa = PBXFileReference; includeInIndex = 1; lastKnownFileType = text.xcconfig; name = "Pods-GIPHYSearcher.debug.xcconfig"; path = "Target Support Files/Pods-GIPHYSearcher/Pods-GIPHYSearcher.debug.xcconfig"; sourceTree = "<group>"; };
		D8F7A1B2673660EDE6EDC4CE /* Pods_GIPHYSearcher.framework */ = {isa = PBXFileReference; explicitFileType = wrapper.framework; includeInIndex = 0; path = Pods_GIPHYSearcher.framework; sourceTree = BUILT_PRODUCTS_DIR; };
/* End PBXFileReference section */

/* Begin PBXFrameworksBuildPhase section */
		4712ECB12B8336A3009B6BE9 /* Frameworks */ = {
			isa = PBXFrameworksBuildPhase;
			buildActionMask = 2147483647;
			files = (
				47EE0C012BAAB7360019C7A3 /* SnapKit-Dynamic in Frameworks */,
				47EE0C002BAAB7360019C7A3 /* SnapKit in Frameworks */,
				E08FA3042085B2B8C7AE0FA9 /* Pods_GIPHYSearcher.framework in Frameworks */,
			);
			runOnlyForDeploymentPostprocessing = 0;
		};
/* End PBXFrameworksBuildPhase section */

/* Begin PBXGroup section */
		3FBECD8780E49C9E758F3C97 /* Pods */ = {
			isa = PBXGroup;
			children = (
				A528527BAB12FADB0DFDE62B /* Pods-GIPHYSearcher.debug.xcconfig */,
				4070B8F356873457E9D66C78 /* Pods-GIPHYSearcher.release.xcconfig */,
			);
			path = Pods;
			sourceTree = "<group>";
		};
		4712ECAB2B8336A3009B6BE9 = {
			isa = PBXGroup;
			children = (
				476A86002BA0675E0003E6D6 /* LoadingImage.gif */,
				4712ECB62B8336A3009B6BE9 /* GIPHYSearcher */,
				4712ECB52B8336A3009B6BE9 /* Products */,
				3FBECD8780E49C9E758F3C97 /* Pods */,
				7E538E1A59A5A6DC04858E17 /* Frameworks */,
			);
			sourceTree = "<group>";
		};
		4712ECB52B8336A3009B6BE9 /* Products */ = {
			isa = PBXGroup;
			children = (
				4712ECB42B8336A3009B6BE9 /* GIPHYSearcher.app */,
			);
			name = Products;
			sourceTree = "<group>";
		};
		4712ECB62B8336A3009B6BE9 /* GIPHYSearcher */ = {
			isa = PBXGroup;
			children = (
				4712ECC52B8336A4009B6BE9 /* Info.plist */,
				4712ECD52B84C0BE009B6BE9 /* Application */,
				4712ECD62B84C0C4009B6BE9 /* Presentation */,
				4712ECD42B84C0B2009B6BE9 /* Resources */,
				4712ECD32B84C0A1009B6BE9 /* UseCase */,
			);
			path = GIPHYSearcher;
			sourceTree = "<group>";
		};
		4712ECD32B84C0A1009B6BE9 /* UseCase */ = {
			isa = PBXGroup;
			children = (
				47EE0C022BAAB9E30019C7A3 /* APIKey.plist */,
				476A86132BA1A07E0003E6D6 /* ImageCacheManager.swift */,
				476A85D32B883D660003E6D6 /* Bundle.swift */,
				476A85D42B883D660003E6D6 /* gifDataModel.swift */,
				476A85D52B883D660003E6D6 /* TrendingAPIData.swift */,
				476A85D62B883D660003E6D6 /* TrendingAPIManager.swift */,
			);
			path = UseCase;
			sourceTree = "<group>";
		};
		4712ECD42B84C0B2009B6BE9 /* Resources */ = {
			isa = PBXGroup;
			children = (
				4712ECC02B8336A4009B6BE9 /* Assets.xcassets */,
				4712ECC22B8336A4009B6BE9 /* LaunchScreen.storyboard */,
				4712ECEF2B852307009B6BE9 /* ColorExtension.swift */,
			);
			path = Resources;
			sourceTree = "<group>";
		};
		4712ECD52B84C0BE009B6BE9 /* Application */ = {
			isa = PBXGroup;
			children = (
				4712ECB72B8336A3009B6BE9 /* AppDelegate.swift */,
				4712ECB92B8336A3009B6BE9 /* SceneDelegate.swift */,
			);
			path = Application;
			sourceTree = "<group>";
		};
		4712ECD62B84C0C4009B6BE9 /* Presentation */ = {
			isa = PBXGroup;
			children = (
				4712ECDA2B84C125009B6BE9 /* Common */,
				4712ECD72B84C0FB009B6BE9 /* Main */,
				4712ECE72B852245009B6BE9 /* Bookmark */,
				4712ECE82B85224C009B6BE9 /* Setting */,
			);
			path = Presentation;
			sourceTree = "<group>";
		};
		4712ECD72B84C0FB009B6BE9 /* Main */ = {
			isa = PBXGroup;
			children = (
				4712ECF12B85235C009B6BE9 /* CustomView */,
				4712ECBB2B8336A3009B6BE9 /* MainViewController.swift */,
			);
			path = Main;
			sourceTree = "<group>";
		};
		4712ECDA2B84C125009B6BE9 /* Common */ = {
			isa = PBXGroup;
			children = (
				4712ECED2B85227B009B6BE9 /* MainTabBarController.swift */,
				476A85EB2B9C5A260003E6D6 /* BookmarkButton.swift */,
			);
			path = Common;
			sourceTree = "<group>";
		};
		4712ECE72B852245009B6BE9 /* Bookmark */ = {
			isa = PBXGroup;
			children = (
				4712ECE92B852264009B6BE9 /* BookmarkViewController.swift */,
			);
			path = Bookmark;
			sourceTree = "<group>";
		};
		4712ECE82B85224C009B6BE9 /* Setting */ = {
			isa = PBXGroup;
			children = (
				4712ECEB2B85226D009B6BE9 /* SettingViewController.swift */,
			);
			path = Setting;
			sourceTree = "<group>";
		};
		4712ECF12B85235C009B6BE9 /* CustomView */ = {
			isa = PBXGroup;
			children = (
				4712ECF22B852366009B6BE9 /* TrendingCollectionViewCell.swift */,
			);
			path = CustomView;
			sourceTree = "<group>";
		};
		7E538E1A59A5A6DC04858E17 /* Frameworks */ = {
			isa = PBXGroup;
			children = (
				D8F7A1B2673660EDE6EDC4CE /* Pods_GIPHYSearcher.framework */,
			);
			name = Frameworks;
			sourceTree = "<group>";
		};
/* End PBXGroup section */

/* Begin PBXNativeTarget section */
		4712ECB32B8336A3009B6BE9 /* GIPHYSearcher */ = {
			isa = PBXNativeTarget;
			buildConfigurationList = 4712ECC82B8336A4009B6BE9 /* Build configuration list for PBXNativeTarget "GIPHYSearcher" */;
			buildPhases = (
				C618D48C2452A30C65E822C3 /* [CP] Check Pods Manifest.lock */,
				4712ECB02B8336A3009B6BE9 /* Sources */,
				4712ECB12B8336A3009B6BE9 /* Frameworks */,
				4712ECB22B8336A3009B6BE9 /* Resources */,
				3A26E0FE9CA212AE1DB0FA5B /* [CP] Embed Pods Frameworks */,
			);
			buildRules = (
			);
			dependencies = (
			);
			name = GIPHYSearcher;
			packageProductDependencies = (
				4712ECE12B84D155009B6BE9 /* SnapKit */,
				4712ECE32B84D155009B6BE9 /* SnapKit-Dynamic */,
			);
			productName = GIPHYSearcher;
			productReference = 4712ECB42B8336A3009B6BE9 /* GIPHYSearcher.app */;
			productType = "com.apple.product-type.application";
		};
/* End PBXNativeTarget section */

/* Begin PBXProject section */
		4712ECAC2B8336A3009B6BE9 /* Project object */ = {
			isa = PBXProject;
			attributes = {
				BuildIndependentTargetsInParallel = 1;
				LastSwiftUpdateCheck = 1500;
				LastUpgradeCheck = 1500;
				TargetAttributes = {
					4712ECB32B8336A3009B6BE9 = {
						CreatedOnToolsVersion = 15.0.1;
					};
				};
			};
			buildConfigurationList = 4712ECAF2B8336A3009B6BE9 /* Build configuration list for PBXProject "GIPHYSearcher" */;
			compatibilityVersion = "Xcode 14.0";
			developmentRegion = en;
			hasScannedForEncodings = 0;
			knownRegions = (
				en,
				Base,
			);
			mainGroup = 4712ECAB2B8336A3009B6BE9;
			packageReferences = (
				4712ECE02B84D155009B6BE9 /* XCRemoteSwiftPackageReference "SnapKit" */,
			);
			productRefGroup = 4712ECB52B8336A3009B6BE9 /* Products */;
			projectDirPath = "";
			projectRoot = "";
			targets = (
				4712ECB32B8336A3009B6BE9 /* GIPHYSearcher */,
			);
		};
/* End PBXProject section */

/* Begin PBXResourcesBuildPhase section */
		4712ECB22B8336A3009B6BE9 /* Resources */ = {
			isa = PBXResourcesBuildPhase;
			buildActionMask = 2147483647;
			files = (
				476A86012BA0675E0003E6D6 /* LoadingImage.gif in Resources */,
				47EE0C032BAAB9E30019C7A3 /* APIKey.plist in Resources */,
				4712ECC42B8336A4009B6BE9 /* LaunchScreen.storyboard in Resources */,
				4712ECC12B8336A4009B6BE9 /* Assets.xcassets in Resources */,
			);
			runOnlyForDeploymentPostprocessing = 0;
		};
/* End PBXResourcesBuildPhase section */

/* Begin PBXShellScriptBuildPhase section */
		3A26E0FE9CA212AE1DB0FA5B /* [CP] Embed Pods Frameworks */ = {
			isa = PBXShellScriptBuildPhase;
			buildActionMask = 2147483647;
			files = (
			);
			inputFileListPaths = (
				"${PODS_ROOT}/Target Support Files/Pods-GIPHYSearcher/Pods-GIPHYSearcher-frameworks-${CONFIGURATION}-input-files.xcfilelist",
			);
			name = "[CP] Embed Pods Frameworks";
			outputFileListPaths = (
				"${PODS_ROOT}/Target Support Files/Pods-GIPHYSearcher/Pods-GIPHYSearcher-frameworks-${CONFIGURATION}-output-files.xcfilelist",
			);
			runOnlyForDeploymentPostprocessing = 0;
			shellPath = /bin/sh;
			shellScript = "\"${PODS_ROOT}/Target Support Files/Pods-GIPHYSearcher/Pods-GIPHYSearcher-frameworks.sh\"\n";
			showEnvVarsInLog = 0;
		};
		C618D48C2452A30C65E822C3 /* [CP] Check Pods Manifest.lock */ = {
			isa = PBXShellScriptBuildPhase;
			buildActionMask = 2147483647;
			files = (
			);
			inputFileListPaths = (
			);
			inputPaths = (
				"${PODS_PODFILE_DIR_PATH}/Podfile.lock",
				"${PODS_ROOT}/Manifest.lock",
			);
			name = "[CP] Check Pods Manifest.lock";
			outputFileListPaths = (
			);
			outputPaths = (
				"$(DERIVED_FILE_DIR)/Pods-GIPHYSearcher-checkManifestLockResult.txt",
			);
			runOnlyForDeploymentPostprocessing = 0;
			shellPath = /bin/sh;
			shellScript = "diff \"${PODS_PODFILE_DIR_PATH}/Podfile.lock\" \"${PODS_ROOT}/Manifest.lock\" > /dev/null\nif [ $? != 0 ] ; then\n    # print error to STDERR\n    echo \"error: The sandbox is not in sync with the Podfile.lock. Run 'pod install' or update your CocoaPods installation.\" >&2\n    exit 1\nfi\n# This output is used by Xcode 'outputs' to avoid re-running this script phase.\necho \"SUCCESS\" > \"${SCRIPT_OUTPUT_FILE_0}\"\n";
			showEnvVarsInLog = 0;
		};
/* End PBXShellScriptBuildPhase section */

/* Begin PBXSourcesBuildPhase section */
		4712ECB02B8336A3009B6BE9 /* Sources */ = {
			isa = PBXSourcesBuildPhase;
			buildActionMask = 2147483647;
			files = (
				4712ECEC2B85226D009B6BE9 /* SettingViewController.swift in Sources */,
				4712ECEA2B852264009B6BE9 /* BookmarkViewController.swift in Sources */,
				476A85DB2B883D660003E6D6 /* TrendingAPIData.swift in Sources */,
				476A85D92B883D660003E6D6 /* Bundle.swift in Sources */,
				4712ECF32B852366009B6BE9 /* TrendingCollectionViewCell.swift in Sources */,
				476A85DA2B883D660003E6D6 /* gifDataModel.swift in Sources */,
				4712ECEE2B85227B009B6BE9 /* MainTabBarController.swift in Sources */,
				4712ECBC2B8336A3009B6BE9 /* MainViewController.swift in Sources */,
				476A86142BA1A07E0003E6D6 /* ImageCacheManager.swift in Sources */,
				4712ECB82B8336A3009B6BE9 /* AppDelegate.swift in Sources */,
				4712ECF02B852307009B6BE9 /* ColorExtension.swift in Sources */,
				476A85EC2B9C5A260003E6D6 /* BookmarkButton.swift in Sources */,
				476A85DC2B883D660003E6D6 /* TrendingAPIManager.swift in Sources */,
				4712ECBA2B8336A3009B6BE9 /* SceneDelegate.swift in Sources */,
			);
			runOnlyForDeploymentPostprocessing = 0;
		};
/* End PBXSourcesBuildPhase section */

/* Begin PBXVariantGroup section */
		4712ECC22B8336A4009B6BE9 /* LaunchScreen.storyboard */ = {
			isa = PBXVariantGroup;
			children = (
				4712ECC32B8336A4009B6BE9 /* Base */,
			);
			name = LaunchScreen.storyboard;
			sourceTree = "<group>";
		};
/* End PBXVariantGroup section */

/* Begin XCBuildConfiguration section */
		4712ECC62B8336A4009B6BE9 /* Debug */ = {
			isa = XCBuildConfiguration;
			buildSettings = {
				ALWAYS_SEARCH_USER_PATHS = NO;
				ASSETCATALOG_COMPILER_GENERATE_SWIFT_ASSET_SYMBOL_EXTENSIONS = YES;
				CLANG_ANALYZER_NONNULL = YES;
				CLANG_ANALYZER_NUMBER_OBJECT_CONVERSION = YES_AGGRESSIVE;
				CLANG_CXX_LANGUAGE_STANDARD = "gnu++20";
				CLANG_ENABLE_MODULES = YES;
				CLANG_ENABLE_OBJC_ARC = YES;
				CLANG_ENABLE_OBJC_WEAK = YES;
				CLANG_WARN_BLOCK_CAPTURE_AUTORELEASING = YES;
				CLANG_WARN_BOOL_CONVERSION = YES;
				CLANG_WARN_COMMA = YES;
				CLANG_WARN_CONSTANT_CONVERSION = YES;
				CLANG_WARN_DEPRECATED_OBJC_IMPLEMENTATIONS = YES;
				CLANG_WARN_DIRECT_OBJC_ISA_USAGE = YES_ERROR;
				CLANG_WARN_DOCUMENTATION_COMMENTS = YES;
				CLANG_WARN_EMPTY_BODY = YES;
				CLANG_WARN_ENUM_CONVERSION = YES;
				CLANG_WARN_INFINITE_RECURSION = YES;
				CLANG_WARN_INT_CONVERSION = YES;
				CLANG_WARN_NON_LITERAL_NULL_CONVERSION = YES;
				CLANG_WARN_OBJC_IMPLICIT_RETAIN_SELF = YES;
				CLANG_WARN_OBJC_LITERAL_CONVERSION = YES;
				CLANG_WARN_OBJC_ROOT_CLASS = YES_ERROR;
				CLANG_WARN_QUOTED_INCLUDE_IN_FRAMEWORK_HEADER = YES;
				CLANG_WARN_RANGE_LOOP_ANALYSIS = YES;
				CLANG_WARN_STRICT_PROTOTYPES = YES;
				CLANG_WARN_SUSPICIOUS_MOVE = YES;
				CLANG_WARN_UNGUARDED_AVAILABILITY = YES_AGGRESSIVE;
				CLANG_WARN_UNREACHABLE_CODE = YES;
				CLANG_WARN__DUPLICATE_METHOD_MATCH = YES;
				COPY_PHASE_STRIP = NO;
				DEBUG_INFORMATION_FORMAT = dwarf;
				ENABLE_STRICT_OBJC_MSGSEND = YES;
				ENABLE_TESTABILITY = YES;
				ENABLE_USER_SCRIPT_SANDBOXING = YES;
				GCC_C_LANGUAGE_STANDARD = gnu17;
				GCC_DYNAMIC_NO_PIC = NO;
				GCC_NO_COMMON_BLOCKS = YES;
				GCC_OPTIMIZATION_LEVEL = 0;
				GCC_PREPROCESSOR_DEFINITIONS = (
					"DEBUG=1",
					"$(inherited)",
				);
				GCC_WARN_64_TO_32_BIT_CONVERSION = YES;
				GCC_WARN_ABOUT_RETURN_TYPE = YES_ERROR;
				GCC_WARN_UNDECLARED_SELECTOR = YES;
				GCC_WARN_UNINITIALIZED_AUTOS = YES_AGGRESSIVE;
				GCC_WARN_UNUSED_FUNCTION = YES;
				GCC_WARN_UNUSED_VARIABLE = YES;
				IPHONEOS_DEPLOYMENT_TARGET = 14.0;
				LOCALIZATION_PREFERS_STRING_CATALOGS = YES;
				MTL_ENABLE_DEBUG_INFO = INCLUDE_SOURCE;
				MTL_FAST_MATH = YES;
				ONLY_ACTIVE_ARCH = YES;
				SDKROOT = iphoneos;
				SWIFT_ACTIVE_COMPILATION_CONDITIONS = "DEBUG $(inherited)";
				SWIFT_OPTIMIZATION_LEVEL = "-Onone";
			};
			name = Debug;
		};
		4712ECC72B8336A4009B6BE9 /* Release */ = {
			isa = XCBuildConfiguration;
			buildSettings = {
				ALWAYS_SEARCH_USER_PATHS = NO;
				ASSETCATALOG_COMPILER_GENERATE_SWIFT_ASSET_SYMBOL_EXTENSIONS = YES;
				CLANG_ANALYZER_NONNULL = YES;
				CLANG_ANALYZER_NUMBER_OBJECT_CONVERSION = YES_AGGRESSIVE;
				CLANG_CXX_LANGUAGE_STANDARD = "gnu++20";
				CLANG_ENABLE_MODULES = YES;
				CLANG_ENABLE_OBJC_ARC = YES;
				CLANG_ENABLE_OBJC_WEAK = YES;
				CLANG_WARN_BLOCK_CAPTURE_AUTORELEASING = YES;
				CLANG_WARN_BOOL_CONVERSION = YES;
				CLANG_WARN_COMMA = YES;
				CLANG_WARN_CONSTANT_CONVERSION = YES;
				CLANG_WARN_DEPRECATED_OBJC_IMPLEMENTATIONS = YES;
				CLANG_WARN_DIRECT_OBJC_ISA_USAGE = YES_ERROR;
				CLANG_WARN_DOCUMENTATION_COMMENTS = YES;
				CLANG_WARN_EMPTY_BODY = YES;
				CLANG_WARN_ENUM_CONVERSION = YES;
				CLANG_WARN_INFINITE_RECURSION = YES;
				CLANG_WARN_INT_CONVERSION = YES;
				CLANG_WARN_NON_LITERAL_NULL_CONVERSION = YES;
				CLANG_WARN_OBJC_IMPLICIT_RETAIN_SELF = YES;
				CLANG_WARN_OBJC_LITERAL_CONVERSION = YES;
				CLANG_WARN_OBJC_ROOT_CLASS = YES_ERROR;
				CLANG_WARN_QUOTED_INCLUDE_IN_FRAMEWORK_HEADER = YES;
				CLANG_WARN_RANGE_LOOP_ANALYSIS = YES;
				CLANG_WARN_STRICT_PROTOTYPES = YES;
				CLANG_WARN_SUSPICIOUS_MOVE = YES;
				CLANG_WARN_UNGUARDED_AVAILABILITY = YES_AGGRESSIVE;
				CLANG_WARN_UNREACHABLE_CODE = YES;
				CLANG_WARN__DUPLICATE_METHOD_MATCH = YES;
				COPY_PHASE_STRIP = NO;
				DEBUG_INFORMATION_FORMAT = "dwarf-with-dsym";
				ENABLE_NS_ASSERTIONS = NO;
				ENABLE_STRICT_OBJC_MSGSEND = YES;
				ENABLE_USER_SCRIPT_SANDBOXING = YES;
				GCC_C_LANGUAGE_STANDARD = gnu17;
				GCC_NO_COMMON_BLOCKS = YES;
				GCC_WARN_64_TO_32_BIT_CONVERSION = YES;
				GCC_WARN_ABOUT_RETURN_TYPE = YES_ERROR;
				GCC_WARN_UNDECLARED_SELECTOR = YES;
				GCC_WARN_UNINITIALIZED_AUTOS = YES_AGGRESSIVE;
				GCC_WARN_UNUSED_FUNCTION = YES;
				GCC_WARN_UNUSED_VARIABLE = YES;
				IPHONEOS_DEPLOYMENT_TARGET = 14.0;
				LOCALIZATION_PREFERS_STRING_CATALOGS = YES;
				MTL_ENABLE_DEBUG_INFO = NO;
				MTL_FAST_MATH = YES;
				SDKROOT = iphoneos;
				SWIFT_COMPILATION_MODE = wholemodule;
				VALIDATE_PRODUCT = YES;
			};
			name = Release;
		};
		4712ECC92B8336A4009B6BE9 /* Debug */ = {
			isa = XCBuildConfiguration;
			baseConfigurationReference = A528527BAB12FADB0DFDE62B /* Pods-GIPHYSearcher.debug.xcconfig */;
			buildSettings = {
				ASSETCATALOG_COMPILER_APPICON_NAME = AppIcon;
				ASSETCATALOG_COMPILER_GLOBAL_ACCENT_COLOR_NAME = AccentColor;
				CODE_SIGN_STYLE = Automatic;
				CURRENT_PROJECT_VERSION = 1;
				DEVELOPMENT_TEAM = MA5KYZD992;
				ENABLE_USER_SCRIPT_SANDBOXING = NO;
				GENERATE_INFOPLIST_FILE = YES;
				INFOPLIST_FILE = GIPHYSearcher/Info.plist;
				INFOPLIST_KEY_UIApplicationSupportsIndirectInputEvents = YES;
				INFOPLIST_KEY_UILaunchStoryboardName = LaunchScreen;
				INFOPLIST_KEY_UISupportedInterfaceOrientations_iPad = "UIInterfaceOrientationPortrait UIInterfaceOrientationPortraitUpsideDown UIInterfaceOrientationLandscapeLeft UIInterfaceOrientationLandscapeRight";
				INFOPLIST_KEY_UISupportedInterfaceOrientations_iPhone = "UIInterfaceOrientationPortrait UIInterfaceOrientationLandscapeLeft UIInterfaceOrientationLandscapeRight";
				IPHONEOS_DEPLOYMENT_TARGET = 14.0;
				LD_RUNPATH_SEARCH_PATHS = (
					"$(inherited)",
					"@executable_path/Frameworks",
				);
				MARKETING_VERSION = 1.0;
				PRODUCT_BUNDLE_IDENTIFIER = com.aldalddl.GIPHYSearcher;
				PRODUCT_NAME = "$(TARGET_NAME)";
				SUPPORTED_PLATFORMS = "iphoneos iphonesimulator";
				SUPPORTS_MACCATALYST = NO;
				SUPPORTS_MAC_DESIGNED_FOR_IPHONE_IPAD = NO;
				SWIFT_EMIT_LOC_STRINGS = YES;
				SWIFT_VERSION = 5.0;
				TARGETED_DEVICE_FAMILY = 1;
			};
			name = Debug;
		};
		4712ECCA2B8336A4009B6BE9 /* Release */ = {
			isa = XCBuildConfiguration;
			baseConfigurationReference = 4070B8F356873457E9D66C78 /* Pods-GIPHYSearcher.release.xcconfig */;
			buildSettings = {
				ASSETCATALOG_COMPILER_APPICON_NAME = AppIcon;
				ASSETCATALOG_COMPILER_GLOBAL_ACCENT_COLOR_NAME = AccentColor;
				CODE_SIGN_STYLE = Automatic;
				CURRENT_PROJECT_VERSION = 1;
				DEVELOPMENT_TEAM = MA5KYZD992;
				ENABLE_USER_SCRIPT_SANDBOXING = NO;
				GENERATE_INFOPLIST_FILE = YES;
				INFOPLIST_FILE = GIPHYSearcher/Info.plist;
				INFOPLIST_KEY_UIApplicationSupportsIndirectInputEvents = YES;
				INFOPLIST_KEY_UILaunchStoryboardName = LaunchScreen;
				INFOPLIST_KEY_UISupportedInterfaceOrientations_iPad = "UIInterfaceOrientationPortrait UIInterfaceOrientationPortraitUpsideDown UIInterfaceOrientationLandscapeLeft UIInterfaceOrientationLandscapeRight";
				INFOPLIST_KEY_UISupportedInterfaceOrientations_iPhone = "UIInterfaceOrientationPortrait UIInterfaceOrientationLandscapeLeft UIInterfaceOrientationLandscapeRight";
				IPHONEOS_DEPLOYMENT_TARGET = 14.0;
				LD_RUNPATH_SEARCH_PATHS = (
					"$(inherited)",
					"@executable_path/Frameworks",
				);
				MARKETING_VERSION = 1.0;
				PRODUCT_BUNDLE_IDENTIFIER = com.aldalddl.GIPHYSearcher;
				PRODUCT_NAME = "$(TARGET_NAME)";
				SUPPORTED_PLATFORMS = "iphoneos iphonesimulator";
				SUPPORTS_MACCATALYST = NO;
				SUPPORTS_MAC_DESIGNED_FOR_IPHONE_IPAD = NO;
				SWIFT_EMIT_LOC_STRINGS = YES;
				SWIFT_VERSION = 5.0;
				TARGETED_DEVICE_FAMILY = 1;
			};
			name = Release;
		};
/* End XCBuildConfiguration section */

/* Begin XCConfigurationList section */
		4712ECAF2B8336A3009B6BE9 /* Build configuration list for PBXProject "GIPHYSearcher" */ = {
			isa = XCConfigurationList;
			buildConfigurations = (
				4712ECC62B8336A4009B6BE9 /* Debug */,
				4712ECC72B8336A4009B6BE9 /* Release */,
			);
			defaultConfigurationIsVisible = 0;
			defaultConfigurationName = Release;
		};
		4712ECC82B8336A4009B6BE9 /* Build configuration list for PBXNativeTarget "GIPHYSearcher" */ = {
			isa = XCConfigurationList;
			buildConfigurations = (
				4712ECC92B8336A4009B6BE9 /* Debug */,
				4712ECCA2B8336A4009B6BE9 /* Release */,
			);
			defaultConfigurationIsVisible = 0;
			defaultConfigurationName = Release;
		};
/* End XCConfigurationList section */

/* Begin XCRemoteSwiftPackageReference section */
		4712ECE02B84D155009B6BE9 /* XCRemoteSwiftPackageReference "SnapKit" */ = {
			isa = XCRemoteSwiftPackageReference;
			repositoryURL = "https://github.com/SnapKit/SnapKit";
			requirement = {
				kind = upToNextMajorVersion;
				minimumVersion = 5.7.1;
			};
		};
/* End XCRemoteSwiftPackageReference section */

/* Begin XCSwiftPackageProductDependency section */
		4712ECE12B84D155009B6BE9 /* SnapKit */ = {
			isa = XCSwiftPackageProductDependency;
			package = 4712ECE02B84D155009B6BE9 /* XCRemoteSwiftPackageReference "SnapKit" */;
			productName = SnapKit;
		};
		4712ECE32B84D155009B6BE9 /* SnapKit-Dynamic */ = {
			isa = XCSwiftPackageProductDependency;
			package = 4712ECE02B84D155009B6BE9 /* XCRemoteSwiftPackageReference "SnapKit" */;
			productName = "SnapKit-Dynamic";
		};
/* End XCSwiftPackageProductDependency section */
	};
	rootObject = 4712ECAC2B8336A3009B6BE9 /* Project object */;
}
